
Microsoft Visual Studio Solution File, Format Version 12.00
# Visual Studio 15
VisualStudioVersion = 15.0.28307.572
MinimumVisualStudioVersion = 10.0.40219.1
Project("{FAE04EC0-301F-11D3-BF4B-00C04F79EFBC}") = "WebApplication4", "WebApplication4\WebApplication4.csproj", "{7854DE1E-69EB-42A3-9D61-B217BFCD9913}"
EndProject
Global
	GlobalSection(SolutionConfigurationPlatforms) = preSolution
		Debug|Any CPU = Debug|Any CPU
		Release|Any CPU = Release|Any CPU
	EndGlobalSection
	GlobalSection(ProjectConfigurationPlatforms) = postSolution
		{7854DE1E-69EB-42A3-9D61-B217BFCD9913}.Debug|Any CPU.ActiveCfg = Debug|Any CPU
		{7854DE1E-69EB-42A3-9D61-B217BFCD9913}.Debug|Any CPU.Build.0 = Debug|Any CPU
		{7854DE1E-69EB-42A3-9D61-B217BFCD9913}.Release|Any CPU.ActiveCfg = Release|Any CPU
		{7854DE1E-69EB-42A3-9D61-B217BFCD9913}.Release|Any CPU.Build.0 = Release|Any CPU
	EndGlobalSection
	GlobalSection(SolutionProperties) = preSolution
		HideSolutionNode = FALSE
	EndGlobalSection
	GlobalSection(ExtensibilityGlobals) = postSolution
		SolutionGuid = {F436B789-2CCA-4515-A9C6-F746C6B8C934}
	EndGlobalSection
EndGlobal
